
Microsoft Visual Studio Solution File, Format Version 12.00
# Visual Studio Version 16
VisualStudioVersion = 16.0.30907.101
MinimumVisualStudioVersion = 10.0.40219.1
Project("{FAE04EC0-301F-11D3-BF4B-00C04F79EFBC}") = "FinalToDOListWebApplication", "FinalToDOListWebApplication\FinalToDOListWebApplication.csproj", "{ABB4F44C-7670-45B3-BFC2-34797517B828}"
EndProject
Global
	GlobalSection(SolutionConfigurationPlatforms) = preSolution
		Debug|Any CPU = Debug|Any CPU
		Release|Any CPU = Release|Any CPU
	EndGlobalSection
	GlobalSection(ProjectConfigurationPlatforms) = postSolution
		{ABB4F44C-7670-45B3-BFC2-34797517B828}.Debug|Any CPU.ActiveCfg = Debug|Any CPU
		{ABB4F44C-7670-45B3-BFC2-34797517B828}.Debug|Any CPU.Build.0 = Debug|Any CPU
		{ABB4F44C-7670-45B3-BFC2-34797517B828}.Release|Any CPU.ActiveCfg = Release|Any CPU
		{ABB4F44C-7670-45B3-BFC2-34797517B828}.Release|Any CPU.Build.0 = Release|Any CPU
	EndGlobalSection
	GlobalSection(SolutionProperties) = preSolution
		HideSolutionNode = FALSE
	EndGlobalSection
	GlobalSection(ExtensibilityGlobals) = postSolution
		SolutionGuid = {FA9C36C5-6741-49D2-BF82-61A02354E4DA}
	EndGlobalSection
EndGlobal
